
Microsoft Visual Studio Solution File, Format Version 12.00
# Visual Studio Version 17
VisualStudioVersion = 17.7.34221.43
MinimumVisualStudioVersion = 10.0.40219.1
Project("{9A19103F-16F7-4668-BE54-9A1E7A4F7556}") = "SkillsLab_OOP", "SkillsLab_OOP\SkillsLab_OOP.csproj", "{91998CA7-6371-4A86-BD45-7D7C550464EE}"
EndProject
Project("{FAE04EC0-301F-11D3-BF4B-00C04F79EFBC}") = "SkillsLabConsole", "SkillsLabConsole\SkillsLabConsole.csproj", "{615550D9-D52E-46DD-A24C-0BE7666231D6}"
EndProject
Global
	GlobalSection(SolutionConfigurationPlatforms) = preSolution
		Debug|Any CPU = Debug|Any CPU
		Release|Any CPU = Release|Any CPU
	EndGlobalSection
	GlobalSection(ProjectConfigurationPlatforms) = postSolution
		{91998CA7-6371-4A86-BD45-7D7C550464EE}.Debug|Any CPU.ActiveCfg = Debug|Any CPU
		{91998CA7-6371-4A86-BD45-7D7C550464EE}.Debug|Any CPU.Build.0 = Debug|Any CPU
		{91998CA7-6371-4A86-BD45-7D7C550464EE}.Release|Any CPU.ActiveCfg = Release|Any CPU
		{91998CA7-6371-4A86-BD45-7D7C550464EE}.Release|Any CPU.Build.0 = Release|Any CPU
		{615550D9-D52E-46DD-A24C-0BE7666231D6}.Debug|Any CPU.ActiveCfg = Debug|Any CPU
		{615550D9-D52E-46DD-A24C-0BE7666231D6}.Debug|Any CPU.Build.0 = Debug|Any CPU
		{615550D9-D52E-46DD-A24C-0BE7666231D6}.Release|Any CPU.ActiveCfg = Release|Any CPU
		{615550D9-D52E-46DD-A24C-0BE7666231D6}.Release|Any CPU.Build.0 = Release|Any CPU
	EndGlobalSection
	GlobalSection(SolutionProperties) = preSolution
		HideSolutionNode = FALSE
	EndGlobalSection
	GlobalSection(ExtensibilityGlobals) = postSolution
		SolutionGuid = {E619E6C9-B910-4FD0-BA3A-C020E8B2565C}
	EndGlobalSection
EndGlobal
